
Microsoft Visual Studio Solution File, Format Version 12.00
# Visual Studio Version 16
VisualStudioVersion = 16.0.29609.76
MinimumVisualStudioVersion = 10.0.40219.1
Project("{9A19103F-16F7-4668-BE54-9A1E7A4F7556}") = "MVC_Viajes", "MVC_Viajes\MVC_Viajes.csproj", "{58B4455E-1459-4053-BC8B-FB9F6572E9BE}"
EndProject
Project("{9A19103F-16F7-4668-BE54-9A1E7A4F7556}") = "ApiRest", "ApiRest\ApiRest.csproj", "{32CC0EAD-5337-48C7-84B4-D6349030B9DD}"
EndProject
Global
	GlobalSection(SolutionConfigurationPlatforms) = preSolution
		Debug|Any CPU = Debug|Any CPU
		Release|Any CPU = Release|Any CPU
	EndGlobalSection
	GlobalSection(ProjectConfigurationPlatforms) = postSolution
		{58B4455E-1459-4053-BC8B-FB9F6572E9BE}.Debug|Any CPU.ActiveCfg = Debug|Any CPU
		{58B4455E-1459-4053-BC8B-FB9F6572E9BE}.Debug|Any CPU.Build.0 = Debug|Any CPU
		{58B4455E-1459-4053-BC8B-FB9F6572E9BE}.Release|Any CPU.ActiveCfg = Release|Any CPU
		{58B4455E-1459-4053-BC8B-FB9F6572E9BE}.Release|Any CPU.Build.0 = Release|Any CPU
		{32CC0EAD-5337-48C7-84B4-D6349030B9DD}.Debug|Any CPU.ActiveCfg = Debug|Any CPU
		{32CC0EAD-5337-48C7-84B4-D6349030B9DD}.Debug|Any CPU.Build.0 = Debug|Any CPU
		{32CC0EAD-5337-48C7-84B4-D6349030B9DD}.Release|Any CPU.ActiveCfg = Release|Any CPU
		{32CC0EAD-5337-48C7-84B4-D6349030B9DD}.Release|Any CPU.Build.0 = Release|Any CPU
	EndGlobalSection
	GlobalSection(SolutionProperties) = preSolution
		HideSolutionNode = FALSE
	EndGlobalSection
	GlobalSection(ExtensibilityGlobals) = postSolution
		SolutionGuid = {31260A7B-CE01-465B-AB59-4900DB790740}
	EndGlobalSection
EndGlobal
